// !$*UTF8*$!
{
	archiveVersion = 1;
	classes = {
	};
	objectVersion = 46;
	objects = {

/* Begin PBXBuildFile section */
		0F6D058F1D50707900595694 /* AppDelegate.swift in Sources */ = {isa = PBXBuildFile; fileRef = 0F6D058E1D50707900595694 /* AppDelegate.swift */; };
		0F6D05911D50707900595694 /* MasterViewController.swift in Sources */ = {isa = PBXBuildFile; fileRef = 0F6D05901D50707900595694 /* MasterViewController.swift */; };
		0F6D05931D50707900595694 /* DetailViewController.swift in Sources */ = {isa = PBXBuildFile; fileRef = 0F6D05921D50707900595694 /* DetailViewController.swift */; };
		0F6D05961D50707900595694 /* Main.storyboard in Resources */ = {isa = PBXBuildFile; fileRef = 0F6D05941D50707900595694 /* Main.storyboard */; };
		0F6D05981D50707A00595694 /* Assets.xcassets in Resources */ = {isa = PBXBuildFile; fileRef = 0F6D05971D50707A00595694 /* Assets.xcassets */; };
		0F6D059B1D50707A00595694 /* LaunchScreen.storyboard in Resources */ = {isa = PBXBuildFile; fileRef = 0F6D05991D50707A00595694 /* LaunchScreen.storyboard */; };
		0F6D05A61D50707A00595694 /* WallPaperTests.swift in Sources */ = {isa = PBXBuildFile; fileRef = 0F6D05A51D50707A00595694 /* WallPaperTests.swift */; };
		0F6D05B11D50707A00595694 /* WallPaperUITests.swift in Sources */ = {isa = PBXBuildFile; fileRef = 0F6D05B01D50707A00595694 /* WallPaperUITests.swift */; };
/* End PBXBuildFile section */

/* Begin PBXContainerItemProxy section */
		0F6D05A21D50707A00595694 /* PBXContainerItemProxy */ = {
			isa = PBXContainerItemProxy;
			containerPortal = 0F6D05831D50707900595694 /* Project object */;
			proxyType = 1;
			remoteGlobalIDString = 0F6D058A1D50707900595694;
			remoteInfo = WallPaper;
		};
		0F6D05AD1D50707A00595694 /* PBXContainerItemProxy */ = {
			isa = PBXContainerItemProxy;
			containerPortal = 0F6D05831D50707900595694 /* Project object */;
			proxyType = 1;
			remoteGlobalIDString = 0F6D058A1D50707900595694;
			remoteInfo = WallPaper;
		};
/* End PBXContainerItemProxy section */

/* Begin PBXFileReference section */
		0F6D058B1D50707900595694 /* WallPaper.app */ = {isa = PBXFileReference; explicitFileType = wrapper.application; includeInIndex = 0; path = WallPaper.app; sourceTree = BUILT_PRODUCTS_DIR; };
		0F6D058E1D50707900595694 /* AppDelegate.swift */ = {isa = PBXFileReference; lastKnownFileType = sourcecode.swift; path = AppDelegate.swift; sourceTree = "<group>"; };
		0F6D05901D50707900595694 /* MasterViewController.swift */ = {isa = PBXFileReference; lastKnownFileType = sourcecode.swift; path = MasterViewController.swift; sourceTree = "<group>"; };
		0F6D05921D50707900595694 /* DetailViewController.swift */ = {isa = PBXFileReference; lastKnownFileType = sourcecode.swift; path = DetailViewController.swift; sourceTree = "<group>"; };
		0F6D05951D50707900595694 /* Base */ = {isa = PBXFileReference; lastKnownFileType = file.storyboard; name = Base; path = Base.lproj/Main.storyboard; sourceTree = "<group>"; };
		0F6D05971D50707A00595694 /* Assets.xcassets */ = {isa = PBXFileReference; lastKnownFileType = folder.assetcatalog; path = Assets.xcassets; sourceTree = "<group>"; };
		0F6D059A1D50707A00595694 /* Base */ = {isa = PBXFileReference; lastKnownFileType = file.storyboard; name = Base; path = Base.lproj/LaunchScreen.storyboard; sourceTree = "<group>"; };
		0F6D059C1D50707A00595694 /* Info.plist */ = {isa = PBXFileReference; lastKnownFileType = text.plist.xml; path = Info.plist; sourceTree = "<group>"; };
		0F6D05A11D50707A00595694 /* WallPaperTests.xctest */ = {isa = PBXFileReference; explicitFileType = wrapper.cfbundle; includeInIndex = 0; path = WallPaperTests.xctest; sourceTree = BUILT_PRODUCTS_DIR; };
		0F6D05A51D50707A00595694 /* WallPaperTests.swift */ = {isa = PBXFileReference; lastKnownFileType = sourcecode.swift; path = WallPaperTests.swift; sourceTree = "<group>"; };
		0F6D05A71D50707A00595694 /* Info.plist */ = {isa = PBXFileReference; lastKnownFileType = text.plist.xml; path = Info.plist; sourceTree = "<group>"; };
		0F6D05AC1D50707A00595694 /* WallPaperUITests.xctest */ = {isa = PBXFileReference; explicitFileType = wrapper.cfbundle; includeInIndex = 0; path = WallPaperUITests.xctest; sourceTree = BUILT_PRODUCTS_DIR; };
		0F6D05B01D50707A00595694 /* WallPaperUITests.swift */ = {isa = PBXFileReference; lastKnownFileType = sourcecode.swift; path = WallPaperUITests.swift; sourceTree = "<group>"; };
		0F6D05B21D50707A00595694 /* Info.plist */ = {isa = PBXFileReference; lastKnownFileType = text.plist.xml; path = Info.plist; sourceTree = "<group>"; };
/* End PBXFileReference section */

/* Begin PBXFrameworksBuildPhase section */
		0F6D05881D50707900595694 /* Frameworks */ = {
			isa = PBXFrameworksBuildPhase;
			buildActionMask = 2147483647;
			files = (
			);
			runOnlyForDeploymentPostprocessing = 0;
		};
		0F6D059E1D50707A00595694 /* Frameworks */ = {
			isa = PBXFrameworksBuildPhase;
			buildActionMask = 2147483647;
			files = (
			);
			runOnlyForDeploymentPostprocessing = 0;
		};
		0F6D05A91D50707A00595694 /* Frameworks */ = {
			isa = PBXFrameworksBuildPhase;
			buildActionMask = 2147483647;
			files = (
			);
			runOnlyForDeploymentPostprocessing = 0;
		};
/* End PBXFrameworksBuildPhase section */

/* Begin PBXGroup section */
		0F6D05821D50707900595694 = {
			isa = PBXGroup;
			children = (
				0F6D058D1D50707900595694 /* WallPaper */,
				0F6D05A41D50707A00595694 /* WallPaperTests */,
				0F6D05AF1D50707A00595694 /* WallPaperUITests */,
				0F6D058C1D50707900595694 /* Products */,
			);
			sourceTree = "<group>";
		};
		0F6D058C1D50707900595694 /* Products */ = {
			isa = PBXGroup;
			children = (
				0F6D058B1D50707900595694 /* WallPaper.app */,
				0F6D05A11D50707A00595694 /* WallPaperTests.xctest */,
				0F6D05AC1D50707A00595694 /* WallPaperUITests.xctest */,
			);
			name = Products;
			sourceTree = "<group>";
		};
		0F6D058D1D50707900595694 /* WallPaper */ = {
			isa = PBXGroup;
			children = (
				0F6D058E1D50707900595694 /* AppDelegate.swift */,
				0F6D05901D50707900595694 /* MasterViewController.swift */,
				0F6D05921D50707900595694 /* DetailViewController.swift */,
				0F6D05941D50707900595694 /* Main.storyboard */,
				0F6D05971D50707A00595694 /* Assets.xcassets */,
				0F6D05991D50707A00595694 /* LaunchScreen.storyboard */,
				0F6D059C1D50707A00595694 /* Info.plist */,
			);
			path = WallPaper;
			sourceTree = "<group>";
		};
		0F6D05A41D50707A00595694 /* WallPaperTests */ = {
			isa = PBXGroup;
			children = (
				0F6D05A51D50707A00595694 /* WallPaperTests.swift */,
				0F6D05A71D50707A00595694 /* Info.plist */,
			);
			path = WallPaperTests;
			sourceTree = "<group>";
		};
		0F6D05AF1D50707A00595694 /* WallPaperUITests */ = {
			isa = PBXGroup;
			children = (
				0F6D05B01D50707A00595694 /* WallPaperUITests.swift */,
				0F6D05B21D50707A00595694 /* Info.plist */,
			);
			path = WallPaperUITests;
			sourceTree = "<group>";
		};
/* End PBXGroup section */

/* Begin PBXNativeTarget section */
		0F6D058A1D50707900595694 /* WallPaper */ = {
			isa = PBXNativeTarget;
			buildConfigurationList = 0F6D05B51D50707A00595694 /* Build configuration list for PBXNativeTarget "WallPaper" */;
			buildPhases = (
				0F6D05871D50707900595694 /* Sources */,
				0F6D05881D50707900595694 /* Frameworks */,
				0F6D05891D50707900595694 /* Resources */,
			);
			buildRules = (
			);
			dependencies = (
			);
			name = WallPaper;
			productName = WallPaper;
			productReference = 0F6D058B1D50707900595694 /* WallPaper.app */;
			productType = "com.apple.product-type.application";
		};
		0F6D05A01D50707A00595694 /* WallPaperTests */ = {
			isa = PBXNativeTarget;
			buildConfigurationList = 0F6D05B81D50707A00595694 /* Build configuration list for PBXNativeTarget "WallPaperTests" */;
			buildPhases = (
				0F6D059D1D50707A00595694 /* Sources */,
				0F6D059E1D50707A00595694 /* Frameworks */,
				0F6D059F1D50707A00595694 /* Resources */,
			);
			buildRules = (
			);
			dependencies = (
				0F6D05A31D50707A00595694 /* PBXTargetDependency */,
			);
			name = WallPaperTests;
			productName = WallPaperTests;
			productReference = 0F6D05A11D50707A00595694 /* WallPaperTests.xctest */;
			productType = "com.apple.product-type.bundle.unit-test";
		};
		0F6D05AB1D50707A00595694 /* WallPaperUITests */ = {
			isa = PBXNativeTarget;
			buildConfigurationList = 0F6D05BB1D50707A00595694 /* Build configuration list for PBXNativeTarget "WallPaperUITests" */;
			buildPhases = (
				0F6D05A81D50707A00595694 /* Sources */,
				0F6D05A91D50707A00595694 /* Frameworks */,
				0F6D05AA1D50707A00595694 /* Resources */,
			);
			buildRules = (
			);
			dependencies = (
				0F6D05AE1D50707A00595694 /* PBXTargetDependency */,
			);
			name = WallPaperUITests;
			productName = WallPaperUITests;
			productReference = 0F6D05AC1D50707A00595694 /* WallPaperUITests.xctest */;
			productType = "com.apple.product-type.bundle.ui-testing";
		};
/* End PBXNativeTarget section */

/* Begin PBXProject section */
		0F6D05831D50707900595694 /* Project object */ = {
			isa = PBXProject;
			attributes = {
				LastSwiftUpdateCheck = 0730;
				LastUpgradeCheck = 0730;
				ORGANIZATIONNAME = 9188iMac;
				TargetAttributes = {
					0F6D058A1D50707900595694 = {
						CreatedOnToolsVersion = 7.3.1;
					};
					0F6D05A01D50707A00595694 = {
						CreatedOnToolsVersion = 7.3.1;
						TestTargetID = 0F6D058A1D50707900595694;
					};
					0F6D05AB1D50707A00595694 = {
						CreatedOnToolsVersion = 7.3.1;
						TestTargetID = 0F6D058A1D50707900595694;
					};
				};
			};
			buildConfigurationList = 0F6D05861D50707900595694 /* Build configuration list for PBXProject "WallPaper" */;
			compatibilityVersion = "Xcode 3.2";
			developmentRegion = English;
			hasScannedForEncodings = 0;
			knownRegions = (
				en,
				Base,
			);
			mainGroup = 0F6D05821D50707900595694;
			productRefGroup = 0F6D058C1D50707900595694 /* Products */;
			projectDirPath = "";
			projectRoot = "";
			targets = (
				0F6D058A1D50707900595694 /* WallPaper */,
				0F6D05A01D50707A00595694 /* WallPaperTests */,
				0F6D05AB1D50707A00595694 /* WallPaperUITests */,
			);
		};
/* End PBXProject section */

/* Begin PBXResourcesBuildPhase section */
		0F6D05891D50707900595694 /* Resources */ = {
			isa = PBXResourcesBuildPhase;
			buildActionMask = 2147483647;
			files = (
				0F6D059B1D50707A00595694 /* LaunchScreen.storyboard in Resources */,
				0F6D05981D50707A00595694 /* Assets.xcassets in Resources */,
				0F6D05961D50707900595694 /* Main.storyboard in Resources */,
			);
			runOnlyForDeploymentPostprocessing = 0;
		};
		0F6D059F1D50707A00595694 /* Resources */ = {
			isa = PBXResourcesBuildPhase;
			buildActionMask = 2147483647;
			files = (
			);
			runOnlyForDeploymentPostprocessing = 0;
		};
		0F6D05AA1D50707A00595694 /* Resources */ = {
			isa = PBXResourcesBuildPhase;
			buildActionMask = 2147483647;
			files = (
			);
			runOnlyForDeploymentPostprocessing = 0;
		};
/* End PBXResourcesBuildPhase section */

/* Begin PBXSourcesBuildPhase section */
		0F6D05871D50707900595694 /* Sources */ = {
			isa = PBXSourcesBuildPhase;
			buildActionMask = 2147483647;
			files = (
				0F6D05931D50707900595694 /* DetailViewController.swift in Sources */,
				0F6D05911D50707900595694 /* MasterViewController.swift in Sources */,
				0F6D058F1D50707900595694 /* AppDelegate.swift in Sources */,
			);
			runOnlyForDeploymentPostprocessing = 0;
		};
		0F6D059D1D50707A00595694 /* Sources */ = {
			isa = PBXSourcesBuildPhase;
			buildActionMask = 2147483647;
			files = (
				0F6D05A61D50707A00595694 /* WallPaperTests.swift in Sources */,
			);
			runOnlyForDeploymentPostprocessing = 0;
		};
		0F6D05A81D50707A00595694 /* Sources */ = {
			isa = PBXSourcesBuildPhase;
			buildActionMask = 2147483647;
			files = (
				0F6D05B11D50707A00595694 /* WallPaperUITests.swift in Sources */,
			);
			runOnlyForDeploymentPostprocessing = 0;
		};
/* End PBXSourcesBuildPhase section */

/* Begin PBXTargetDependency section */
		0F6D05A31D50707A00595694 /* PBXTargetDependency */ = {
			isa = PBXTargetDependency;
			target = 0F6D058A1D50707900595694 /* WallPaper */;
			targetProxy = 0F6D05A21D50707A00595694 /* PBXContainerItemProxy */;
		};
		0F6D05AE1D50707A00595694 /* PBXTargetDependency */ = {
			isa = PBXTargetDependency;
			target = 0F6D058A1D50707900595694 /* WallPaper */;
			targetProxy = 0F6D05AD1D50707A00595694 /* PBXContainerItemProxy */;
		};
/* End PBXTargetDependency section */

/* Begin PBXVariantGroup section */
		0F6D05941D50707900595694 /* Main.storyboard */ = {
			isa = PBXVariantGroup;
			children = (
				0F6D05951D50707900595694 /* Base */,
			);
			name = Main.storyboard;
			sourceTree = "<group>";
		};
		0F6D05991D50707A00595694 /* LaunchScreen.storyboard */ = {
			isa = PBXVariantGroup;
			children = (
				0F6D059A1D50707A00595694 /* Base */,
			);
			name = LaunchScreen.storyboard;
			sourceTree = "<group>";
		};
/* End PBXVariantGroup section */

/* Begin XCBuildConfiguration section */
		0F6D05B31D50707A00595694 /* Debug */ = {
			isa = XCBuildConfiguration;
			buildSettings = {
				ALWAYS_SEARCH_USER_PATHS = NO;
				CLANG_ANALYZER_NONNULL = YES;
				CLANG_CXX_LANGUAGE_STANDARD = "gnu++0x";
				CLANG_CXX_LIBRARY = "libc++";
				CLANG_ENABLE_MODULES = YES;
				CLANG_ENABLE_OBJC_ARC = YES;
				CLANG_WARN_BOOL_CONVERSION = YES;
				CLANG_WARN_CONSTANT_CONVERSION = YES;
				CLANG_WARN_DIRECT_OBJC_ISA_USAGE = YES_ERROR;
				CLANG_WARN_EMPTY_BODY = YES;
				CLANG_WARN_ENUM_CONVERSION = YES;
				CLANG_WARN_INT_CONVERSION = YES;
				CLANG_WARN_OBJC_ROOT_CLASS = YES_ERROR;
				CLANG_WARN_UNREACHABLE_CODE = YES;
				CLANG_WARN__DUPLICATE_METHOD_MATCH = YES;
				"CODE_SIGN_IDENTITY[sdk=iphoneos*]" = "iPhone Developer";
				COPY_PHASE_STRIP = NO;
				DEBUG_INFORMATION_FORMAT = dwarf;
				ENABLE_STRICT_OBJC_MSGSEND = YES;
				ENABLE_TESTABILITY = YES;
				GCC_C_LANGUAGE_STANDARD = gnu99;
				GCC_DYNAMIC_NO_PIC = NO;
				GCC_NO_COMMON_BLOCKS = YES;
				GCC_OPTIMIZATION_LEVEL = 0;
				GCC_PREPROCESSOR_DEFINITIONS = (
					"DEBUG=1",
					"$(inherited)",
				);
				GCC_WARN_64_TO_32_BIT_CONVERSION = YES;
				GCC_WARN_ABOUT_RETURN_TYPE = YES_ERROR;
				GCC_WARN_UNDECLARED_SELECTOR = YES;
				GCC_WARN_UNINITIALIZED_AUTOS = YES_AGGRESSIVE;
				GCC_WARN_UNUSED_FUNCTION = YES;
				GCC_WARN_UNUSED_VARIABLE = YES;
				IPHONEOS_DEPLOYMENT_TARGET = 9.3;
				MTL_ENABLE_DEBUG_INFO = YES;
				ONLY_ACTIVE_ARCH = YES;
				SDKROOT = iphoneos;
				SWIFT_OPTIMIZATION_LEVEL = "-Onone";
			};
			name = Debug;
		};
		0F6D05B41D50707A00595694 /* Release */ = {
			isa = XCBuildConfiguration;
			buildSettings = {
				ALWAYS_SEARCH_USER_PATHS = NO;
				CLANG_ANALYZER_NONNULL = YES;
				CLANG_CXX_LANGUAGE_STANDARD = "gnu++0x";
				CLANG_CXX_LIBRARY = "libc++";
				CLANG_ENABLE_MODULES = YES;
				CLANG_ENABLE_OBJC_ARC = YES;
				CLANG_WARN_BOOL_CONVERSION = YES;
				CLANG_WARN_CONSTANT_CONVERSION = YES;
				CLANG_WARN_DIRECT_OBJC_ISA_USAGE = YES_ERROR;
				CLANG_WARN_EMPTY_BODY = YES;
				CLANG_WARN_ENUM_CONVERSION = YES;
				CLANG_WARN_INT_CONVERSION = YES;
				CLANG_WARN_OBJC_ROOT_CLASS = YES_ERROR;
				CLANG_WARN_UNREACHABLE_CODE = YES;
				CLANG_WARN__DUPLICATE_METHOD_MATCH = YES;
				"CODE_SIGN_IDENTITY[sdk=iphoneos*]" = "iPhone Developer";
				COPY_PHASE_STRIP = NO;
				DEBUG_INFORMATION_FORMAT = "dwarf-with-dsym";
				ENABLE_NS_ASSERTIONS = NO;
				ENABLE_STRICT_OBJC_MSGSEND = YES;
				GCC_C_LANGUAGE_STANDARD = gnu99;
				GCC_NO_COMMON_BLOCKS = YES;
				GCC_WARN_64_TO_32_BIT_CONVERSION = YES;
				GCC_WARN_ABOUT_RETURN_TYPE = YES_ERROR;
				GCC_WARN_UNDECLARED_SELECTOR = YES;
				GCC_WARN_UNINITIALIZED_AUTOS = YES_AGGRESSIVE;
				GCC_WARN_UNUSED_FUNCTION = YES;
				GCC_WARN_UNUSED_VARIABLE = YES;
				IPHONEOS_DEPLOYMENT_TARGET = 9.3;
				MTL_ENABLE_DEBUG_INFO = NO;
				SDKROOT = iphoneos;
				VALIDATE_PRODUCT = YES;
			};
			name = Release;
		};
		0F6D05B61D50707A00595694 /* Debug */ = {
			isa = XCBuildConfiguration;
			buildSettings = {
				ASSETCATALOG_COMPILER_APPICON_NAME = AppIcon;
				INFOPLIST_FILE = WallPaper/Info.plist;
				LD_RUNPATH_SEARCH_PATHS = "$(inherited) @executable_path/Frameworks";
				PRODUCT_BUNDLE_IDENTIFIER = com.9188.WallPaper;
				PRODUCT_NAME = "$(TARGET_NAME)";
			};
			name = Debug;
		};
		0F6D05B71D50707A00595694 /* Release */ = {
			isa = XCBuildConfiguration;
			buildSettings = {
				ASSETCATALOG_COMPILER_APPICON_NAME = AppIcon;
				INFOPLIST_FILE = WallPaper/Info.plist;
				LD_RUNPATH_SEARCH_PATHS = "$(inherited) @executable_path/Frameworks";
				PRODUCT_BUNDLE_IDENTIFIER = com.9188.WallPaper;
				PRODUCT_NAME = "$(TARGET_NAME)";
			};
			name = Release;
		};
		0F6D05B91D50707A00595694 /* Debug */ = {
			isa = XCBuildConfiguration;
			buildSettings = {
				BUNDLE_LOADER = "$(TEST_HOST)";
				INFOPLIST_FILE = WallPaperTests/Info.plist;
				LD_RUNPATH_SEARCH_PATHS = "$(inherited) @executable_path/Frameworks @loader_path/Frameworks";
				PRODUCT_BUNDLE_IDENTIFIER = com.9188.WallPaperTests;
				PRODUCT_NAME = "$(TARGET_NAME)";
				TEST_HOST = "$(BUILT_PRODUCTS_DIR)/WallPaper.app/WallPaper";
			};
			name = Debug;
		};
		0F6D05BA1D50707A00595694 /* Release */ = {
			isa = XCBuildConfiguration;
			buildSettings = {
				BUNDLE_LOADER = "$(TEST_HOST)";
				INFOPLIST_FILE = WallPaperTests/Info.plist;
				LD_RUNPATH_SEARCH_PATHS = "$(inherited) @executable_path/Frameworks @loader_path/Frameworks";
				PRODUCT_BUNDLE_IDENTIFIER = com.9188.WallPaperTests;
				PRODUCT_NAME = "$(TARGET_NAME)";
				TEST_HOST = "$(BUILT_PRODUCTS_DIR)/WallPaper.app/WallPaper";
			};
			name = Release;
		};
		0F6D05BC1D50707A00595694 /* Debug */ = {
			isa = XCBuildConfiguration;
			buildSettings = {
				INFOPLIST_FILE = WallPaperUITests/Info.plist;
				LD_RUNPATH_SEARCH_PATHS = "$(inherited) @executable_path/Frameworks @loader_path/Frameworks";
				PRODUCT_BUNDLE_IDENTIFIER = com.9188.WallPaperUITests;
				PRODUCT_NAME = "$(TARGET_NAME)";
				TEST_TARGET_NAME = WallPaper;
			};
			name = Debug;
		};
		0F6D05BD1D50707A00595694 /* Release */ = {
			isa = XCBuildConfiguration;
			buildSettings = {
				INFOPLIST_FILE = WallPaperUITests/Info.plist;
				LD_RUNPATH_SEARCH_PATHS = "$(inherited) @executable_path/Frameworks @loader_path/Frameworks";
				PRODUCT_BUNDLE_IDENTIFIER = com.9188.WallPaperUITests;
				PRODUCT_NAME = "$(TARGET_NAME)";
				TEST_TARGET_NAME = WallPaper;
			};
			name = Release;
		};
/* End XCBuildConfiguration section */

/* Begin XCConfigurationList section */
		0F6D05861D50707900595694 /* Build configuration list for PBXProject "WallPaper" */ = {
			isa = XCConfigurationList;
			buildConfigurations = (
				0F6D05B31D50707A00595694 /* Debug */,
				0F6D05B41D50707A00595694 /* Release */,
			);
			defaultConfigurationIsVisible = 0;
			defaultConfigurationName = Release;
		};
		0F6D05B51D50707A00595694 /* Build configuration list for PBXNativeTarget "WallPaper" */ = {
			isa = XCConfigurationList;
			buildConfigurations = (
				0F6D05B61D50707A00595694 /* Debug */,
				0F6D05B71D50707A00595694 /* Release */,
			);
			defaultConfigurationIsVisible = 0;
		};
		0F6D05B81D50707A00595694 /* Build configuration list for PBXNativeTarget "WallPaperTests" */ = {
			isa = XCConfigurationList;
			buildConfigurations = (
				0F6D05B91D50707A00595694 /* Debug */,
				0F6D05BA1D50707A00595694 /* Release */,
			);
			defaultConfigurationIsVisible = 0;
		};
		0F6D05BB1D50707A00595694 /* Build configuration list for PBXNativeTarget "WallPaperUITests" */ = {
			isa = XCConfigurationList;
			buildConfigurations = (
				0F6D05BC1D50707A00595694 /* Debug */,
				0F6D05BD1D50707A00595694 /* Release */,
			);
			defaultConfigurationIsVisible = 0;
		};
/* End XCConfigurationList section */
	};
	rootObject = 0F6D05831D50707900595694 /* Project object */;
}
